
Microsoft Visual Studio Solution File, Format Version 12.00
# Visual Studio Version 17
VisualStudioVersion = 17.6.33815.320
MinimumVisualStudioVersion = 10.0.40219.1
Project("{FAE04EC0-301F-11D3-BF4B-00C04F79EFBC}") = "Proje_OOP", "Proje_OOP\Proje_OOP.csproj", "{913325EA-1920-43D0-86CA-A60B52BA4A10}"
EndProject
Global
	GlobalSection(SolutionConfigurationPlatforms) = preSolution
		Debug|Any CPU = Debug|Any CPU
		Release|Any CPU = Release|Any CPU
	EndGlobalSection
	GlobalSection(ProjectConfigurationPlatforms) = postSolution
		{913325EA-1920-43D0-86CA-A60B52BA4A10}.Debug|Any CPU.ActiveCfg = Debug|Any CPU
		{913325EA-1920-43D0-86CA-A60B52BA4A10}.Debug|Any CPU.Build.0 = Debug|Any CPU
		{913325EA-1920-43D0-86CA-A60B52BA4A10}.Release|Any CPU.ActiveCfg = Release|Any CPU
		{913325EA-1920-43D0-86CA-A60B52BA4A10}.Release|Any CPU.Build.0 = Release|Any CPU
	EndGlobalSection
	GlobalSection(SolutionProperties) = preSolution
		HideSolutionNode = FALSE
	EndGlobalSection
	GlobalSection(ExtensibilityGlobals) = postSolution
		SolutionGuid = {82971B50-C04B-44D3-93D6-4067D03A2A29}
	EndGlobalSection
EndGlobal
